PODS:
  - background_location (0.0.1):
    - Flutter
  - Flutter (1.0.0)

DEPENDENCIES:
  - background_location (from `.symlinks/plugins/background_location/ios`)
  - Flutter (from `Flutter`)

EXTERNAL SOURCES:
  background_location:
    :path: ".symlinks/plugins/background_location/ios"
  Flutter:
    :path: Flutter

SPEC CHECKSUMS:
  background_location: 1b80c1fe3abd9912bca298618f6e365abf6f588f
  Flutter: cabc95a1d2626b1b06e7179b784ebcf0c0cde467

PODFILE CHECKSUM: 0dbd5a87e0ace00c9610d2037ac22083a01f861d

COCOAPODS: 1.15.2
